
Microsoft Visual Studio Solution File, Format Version 12.00
# Visual Studio Version 16
VisualStudioVersion = 16.0.31321.278
MinimumVisualStudioVersion = 10.0.40219.1
Project("{FAE04EC0-301F-11D3-BF4B-00C04F79EFBC}") = "TulisanBerjalan", "TulisanBerjalan\TulisanBerjalan.csproj", "{A9BE3382-1E4A-4EDA-B828-0A98A529AF45}"
EndProject
Global
	GlobalSection(SolutionConfigurationPlatforms) = preSolution
		Debug|Any CPU = Debug|Any CPU
		Release|Any CPU = Release|Any CPU
	EndGlobalSection
	GlobalSection(ProjectConfigurationPlatforms) = postSolution
		{A9BE3382-1E4A-4EDA-B828-0A98A529AF45}.Debug|Any CPU.ActiveCfg = Debug|Any CPU
		{A9BE3382-1E4A-4EDA-B828-0A98A529AF45}.Debug|Any CPU.Build.0 = Debug|Any CPU
		{A9BE3382-1E4A-4EDA-B828-0A98A529AF45}.Release|Any CPU.ActiveCfg = Release|Any CPU
		{A9BE3382-1E4A-4EDA-B828-0A98A529AF45}.Release|Any CPU.Build.0 = Release|Any CPU
	EndGlobalSection
	GlobalSection(SolutionProperties) = preSolution
		HideSolutionNode = FALSE
	EndGlobalSection
	GlobalSection(ExtensibilityGlobals) = postSolution
		SolutionGuid = {09799C95-93C4-42E2-AA5D-97D90283F8C2}
	EndGlobalSection
EndGlobal
